
Microsoft Visual Studio Solution File, Format Version 12.00
# Visual Studio 15
Project("{FAE04EC0-301F-11D3-BF4B-00C04F79EFBC}") = "Unity.XR.Interaction.Toolkit", "Unity.XR.Interaction.Toolkit.csproj", "{0650E8AE-0038-8420-FF2B-B9E59C9657FF}"
EndProject
Project("{FAE04EC0-301F-11D3-BF4B-00C04F79EFBC}") = "UnityEngine.UI", "UnityEngine.UI.csproj", "{9FEB6B55-4464-3E11-728D-FD7E17284C34}"
EndProject
Project("{FAE04EC0-301F-11D3-BF4B-00C04F79EFBC}") = "UnityEngine.SpatialTracking", "UnityEngine.SpatialTracking.csproj", "{CB0BC65B-BCC0-0278-B3BA-F1C75CF9FCBD}"
EndProject
Project("{FAE04EC0-301F-11D3-BF4B-00C04F79EFBC}") = "Unity.RenderPipelines.Core.Runtime", "Unity.RenderPipelines.Core.Runtime.csproj", "{7D6C2CB4-513D-4969-C454-432E7ED0D187}"
EndProject
Project("{FAE04EC0-301F-11D3-BF4B-00C04F79EFBC}") = "UnityEngine.TestRunner", "UnityEngine.TestRunner.csproj", "{A38979A4-F885-52C3-D6CF-D4DF06351282}"
EndProject
Project("{FAE04EC0-301F-11D3-BF4B-00C04F79EFBC}") = "Unity.Mathematics", "Unity.Mathematics.csproj", "{029A871A-BAE5-86E0-A334-79FE01F1BDA4}"
EndProject
Project("{FAE04EC0-301F-11D3-BF4B-00C04F79EFBC}") = "Unity.InputSystem", "Unity.InputSystem.csproj", "{C3B21A69-8F59-2980-919D-AEB727AF9DD3}"
EndProject
Project("{FAE04EC0-301F-11D3-BF4B-00C04F79EFBC}") = "Unity.RenderPipelines.Universal.Runtime", "Unity.RenderPipelines.Universal.Runtime.csproj", "{FDE3427E-AA3C-C031-829B-91F7581CAA9F}"
EndProject
Project("{FAE04EC0-301F-11D3-BF4B-00C04F79EFBC}") = "UnityEngine.XR.LegacyInputHelpers", "UnityEngine.XR.LegacyInputHelpers.csproj", "{A963211B-7F44-AB6D-347B-5A83868DFF07}"
EndProject
Project("{FAE04EC0-301F-11D3-BF4B-00C04F79EFBC}") = "Unity.TextMeshPro", "Unity.TextMeshPro.csproj", "{AD8980C9-97E3-6FE9-DE92-601D1873A4BF}"
EndProject
Project("{FAE04EC0-301F-11D3-BF4B-00C04F79EFBC}") = "Unity.Timeline", "Unity.Timeline.csproj", "{8C014232-1C7F-5B1B-3DDD-386AA98C86F6}"
EndProject
Project("{FAE04EC0-301F-11D3-BF4B-00C04F79EFBC}") = "Unity.XR.CoreUtils", "Unity.XR.CoreUtils.csproj", "{5F744C12-AD2F-D0BB-E5C6-DB32A589F9FC}"
EndProject
Project("{FAE04EC0-301F-11D3-BF4B-00C04F79EFBC}") = "Unity.XR.OpenXR", "Unity.XR.OpenXR.csproj", "{327FAA3C-0F03-3355-99F9-5DCEE4A248BF}"
EndProject
Project("{FAE04EC0-301F-11D3-BF4B-00C04F79EFBC}") = "Unity.XR.Management", "Unity.XR.Management.csproj", "{D7D9BE40-FC58-A7B7-578C-0F4B040028F3}"
EndProject
Project("{FAE04EC0-301F-11D3-BF4B-00C04F79EFBC}") = "ControllerSample", "ControllerSample.csproj", "{778C3C77-C69E-1650-4410-EE5BD0B3D233}"
EndProject
Project("{FAE04EC0-301F-11D3-BF4B-00C04F79EFBC}") = "Assembly-CSharp", "Assembly-CSharp.csproj", "{853467AA-8B16-A905-7A4F-3E1014DAD097}"
EndProject
Project("{FAE04EC0-301F-11D3-BF4B-00C04F79EFBC}") = "Unity.RenderPipelines.Core.ShaderLibrary", "Unity.RenderPipelines.Core.ShaderLibrary.csproj", "{84093AB6-1509-41D8-D7F8-D0A8BFDFA11B}"
EndProject
Project("{FAE04EC0-301F-11D3-BF4B-00C04F79EFBC}") = "Unity.XR.OpenXR.Features.RuntimeDebugger", "Unity.XR.OpenXR.Features.RuntimeDebugger.csproj", "{7B48AAE3-D8EC-502F-D640-7CC1A1078203}"
EndProject
Project("{FAE04EC0-301F-11D3-BF4B-00C04F79EFBC}") = "Unity.RenderPipeline.Universal.ShaderLibrary", "Unity.RenderPipeline.Universal.ShaderLibrary.csproj", "{85CE5341-4E79-049E-79E3-E4902F620DC5}"
EndProject
Project("{FAE04EC0-301F-11D3-BF4B-00C04F79EFBC}") = "Unity.XR.OpenXR.Features.ConformanceAutomation", "Unity.XR.OpenXR.Features.ConformanceAutomation.csproj", "{F57FECC2-A260-F1C0-37DF-3C592B42A2C8}"
EndProject
Project("{FAE04EC0-301F-11D3-BF4B-00C04F79EFBC}") = "Unity.XR.OpenXR.Features.MockRuntime", "Unity.XR.OpenXR.Features.MockRuntime.csproj", "{31C34622-AA4C-99B7-950C-26CEC5B32292}"
EndProject
Project("{FAE04EC0-301F-11D3-BF4B-00C04F79EFBC}") = "Unity.Subsystem.Registration", "Unity.Subsystem.Registration.csproj", "{C3FE19FD-132F-D033-0B7A-B6DD03FF8A2F}"
EndProject
Project("{FAE04EC0-301F-11D3-BF4B-00C04F79EFBC}") = "Unity.RenderPipelines.Universal.Shaders", "Unity.RenderPipelines.Universal.Shaders.csproj", "{0B799260-B6B9-1BB6-EC78-379EA904BB26}"
EndProject
Project("{FAE04EC0-301F-11D3-BF4B-00C04F79EFBC}") = "Unity.RenderPipelines.ShaderGraph.ShaderGraphLibrary", "Unity.RenderPipelines.ShaderGraph.ShaderGraphLibrary.csproj", "{DC0DB7B5-3FA1-5473-5429-2AAE0A1726D6}"
EndProject
Project("{FAE04EC0-301F-11D3-BF4B-00C04F79EFBC}") = "Unity.XR.OpenXR.Features.OculusQuestSupport", "Unity.XR.OpenXR.Features.OculusQuestSupport.csproj", "{EF8277FF-F67E-8502-5E36-4D6668654913}"
EndProject
Project("{FAE04EC0-301F-11D3-BF4B-00C04F79EFBC}") = "Unity.PlasticSCM.Editor", "Unity.PlasticSCM.Editor.csproj", "{1C88BEF3-EBC1-666A-6DDF-6D0D06A281E0}"
EndProject
Project("{FAE04EC0-301F-11D3-BF4B-00C04F79EFBC}") = "Unity.XR.OpenXR.Editor", "Unity.XR.OpenXR.Editor.csproj", "{54C8D5DA-D6FB-A367-18BA-52701D9922F7}"
EndProject
Project("{FAE04EC0-301F-11D3-BF4B-00C04F79EFBC}") = "Unity.ShaderGraph.Editor", "Unity.ShaderGraph.Editor.csproj", "{BFAC0856-475A-4A2D-EDC8-49AA7542C1E4}"
EndProject
Project("{FAE04EC0-301F-11D3-BF4B-00C04F79EFBC}") = "Unity.VisualStudio.Editor", "Unity.VisualStudio.Editor.csproj", "{B98956ED-A656-2D13-5A31-296C23FC8926}"
EndProject
Project("{FAE04EC0-301F-11D3-BF4B-00C04F79EFBC}") = "Unity.Timeline.Editor", "Unity.Timeline.Editor.csproj", "{2D6160A3-8464-A469-1CEB-E7973D4559BD}"
EndProject
Project("{FAE04EC0-301F-11D3-BF4B-00C04F79EFBC}") = "Unity.XR.Interaction.Toolkit.Editor", "Unity.XR.Interaction.Toolkit.Editor.csproj", "{14E4554E-4EA0-C21E-96A2-F568E59ABA8B}"
EndProject
Project("{FAE04EC0-301F-11D3-BF4B-00C04F79EFBC}") = "Unity.TextMeshPro.Editor", "Unity.TextMeshPro.Editor.csproj", "{04838059-A753-0B36-751B-ECC79969F124}"
EndProject
Project("{FAE04EC0-301F-11D3-BF4B-00C04F79EFBC}") = "Unity.CollabProxy.Editor", "Unity.CollabProxy.Editor.csproj", "{A0D146DA-BE06-5627-7E55-71C2E404878D}"
EndProject
Project("{FAE04EC0-301F-11D3-BF4B-00C04F79EFBC}") = "UnityEditor.TestRunner", "UnityEditor.TestRunner.csproj", "{2889F2F5-1882-B9A9-DB4B-E4ADA59067E4}"
EndProject
Project("{FAE04EC0-301F-11D3-BF4B-00C04F79EFBC}") = "Unity.Rider.Editor", "Unity.Rider.Editor.csproj", "{2E8A94DC-42CC-89C8-AD9B-1C36E7496995}"
EndProject
Project("{FAE04EC0-301F-11D3-BF4B-00C04F79EFBC}") = "Unity.RenderPipelines.Universal.Editor", "Unity.RenderPipelines.Universal.Editor.csproj", "{B58A9776-F4C6-02C6-36F2-23439D83E9EA}"
EndProject
Project("{FAE04EC0-301F-11D3-BF4B-00C04F79EFBC}") = "Unity.Services.Core.Editor", "Unity.Services.Core.Editor.csproj", "{22CE4FA9-5997-888A-068A-CDE5D50EA344}"
EndProject
Project("{FAE04EC0-301F-11D3-BF4B-00C04F79EFBC}") = "Unity.XR.CoreUtils.Editor", "Unity.XR.CoreUtils.Editor.csproj", "{91B1D5B5-19EB-B145-9861-0C964960FB1F}"
EndProject
Project("{FAE04EC0-301F-11D3-BF4B-00C04F79EFBC}") = "Unity.RenderPipelines.Core.Editor", "Unity.RenderPipelines.Core.Editor.csproj", "{C92144FB-37B2-8D56-0F89-F26D928A8E76}"
EndProject
Project("{FAE04EC0-301F-11D3-BF4B-00C04F79EFBC}") = "Unity.Searcher.Editor", "Unity.Searcher.Editor.csproj", "{A267096C-01F8-5BF2-FF63-7946D7EB02DD}"
EndProject
Project("{FAE04EC0-301F-11D3-BF4B-00C04F79EFBC}") = "Unity.XR.Management.Editor", "Unity.XR.Management.Editor.csproj", "{3EEFE4E1-7C04-56D3-320C-5B27B43D889C}"
EndProject
Project("{FAE04EC0-301F-11D3-BF4B-00C04F79EFBC}") = "Unity.VSCode.Editor", "Unity.VSCode.Editor.csproj", "{20E9AD82-4ADB-C136-4416-1909D002F3CD}"
EndProject
Project("{FAE04EC0-301F-11D3-BF4B-00C04F79EFBC}") = "UnityEditor.UI", "UnityEditor.UI.csproj", "{A8584C21-C236-0DE8-0379-937CF916C8A6}"
EndProject
Project("{FAE04EC0-301F-11D3-BF4B-00C04F79EFBC}") = "UnityEditor.SpatialTracking", "UnityEditor.SpatialTracking.csproj", "{6D111AFC-93BC-90C6-C7FB-8FFFF8B6CD2E}"
EndProject
Project("{FAE04EC0-301F-11D3-BF4B-00C04F79EFBC}") = "Unity.Mathematics.Editor", "Unity.Mathematics.Editor.csproj", "{F6D793C9-23D7-24A9-6100-306995A09B15}"
EndProject
Project("{FAE04EC0-301F-11D3-BF4B-00C04F79EFBC}") = "UnityEditor.XR.LegacyInputHelpers", "UnityEditor.XR.LegacyInputHelpers.csproj", "{BCBC2E60-5690-1E2B-27AC-263183BBFDE1}"
EndProject
Project("{FAE04EC0-301F-11D3-BF4B-00C04F79EFBC}") = "Unity.XR.OpenXR.Features.RuntimeDebugger.Editor", "Unity.XR.OpenXR.Features.RuntimeDebugger.Editor.csproj", "{750090AA-8A02-C15E-E724-C6ADD1989269}"
EndProject
Project("{FAE04EC0-301F-11D3-BF4B-00C04F79EFBC}") = "Assembly-CSharp-Editor", "Assembly-CSharp-Editor.csproj", "{AB5DA85C-0085-1FF3-D480-13CB63A322F1}"
EndProject
Project("{FAE04EC0-301F-11D3-BF4B-00C04F79EFBC}") = "Unity.ShaderGraph.Utilities", "Unity.ShaderGraph.Utilities.csproj", "{97161EFF-E7D8-EA1E-BA30-24C6C623307F}"
EndProject
Project("{FAE04EC0-301F-11D3-BF4B-00C04F79EFBC}") = "Unity.XR.OpenXR.Features.OculusQuestSupport.Editor", "Unity.XR.OpenXR.Features.OculusQuestSupport.Editor.csproj", "{6F66D23C-55AB-0EAC-03C5-724803746767}"
EndProject
Global
	GlobalSection(SolutionConfigurationPlatforms) = preSolution
		Debug|Any CPU = Debug|Any CPU
		Release|Any CPU = Release|Any CPU
	EndGlobalSection
	GlobalSection(ProjectConfigurationPlatforms) = postSolution
		{0650E8AE-0038-8420-FF2B-B9E59C9657FF}.Debug|Any CPU.ActiveCfg = Debug|Any CPU
		{0650E8AE-0038-8420-FF2B-B9E59C9657FF}.Debug|Any CPU.Build.0 = Debug|Any CPU
		{0650E8AE-0038-8420-FF2B-B9E59C9657FF}.Release|Any CPU.ActiveCfg = Release|Any CPU
		{0650E8AE-0038-8420-FF2B-B9E59C9657FF}.Release|Any CPU.Build.0 = Release|Any CPU
		{9FEB6B55-4464-3E11-728D-FD7E17284C34}.Debug|Any CPU.ActiveCfg = Debug|Any CPU
		{9FEB6B55-4464-3E11-728D-FD7E17284C34}.Debug|Any CPU.Build.0 = Debug|Any CPU
		{9FEB6B55-4464-3E11-728D-FD7E17284C34}.Release|Any CPU.ActiveCfg = Release|Any CPU
		{9FEB6B55-4464-3E11-728D-FD7E17284C34}.Release|Any CPU.Build.0 = Release|Any CPU
		{CB0BC65B-BCC0-0278-B3BA-F1C75CF9FCBD}.Debug|Any CPU.ActiveCfg = Debug|Any CPU
		{CB0BC65B-BCC0-0278-B3BA-F1C75CF9FCBD}.Debug|Any CPU.Build.0 = Debug|Any CPU
		{CB0BC65B-BCC0-0278-B3BA-F1C75CF9FCBD}.Release|Any CPU.ActiveCfg = Release|Any CPU
		{CB0BC65B-BCC0-0278-B3BA-F1C75CF9FCBD}.Release|Any CPU.Build.0 = Release|Any CPU
		{7D6C2CB4-513D-4969-C454-432E7ED0D187}.Debug|Any CPU.ActiveCfg = Debug|Any CPU
		{7D6C2CB4-513D-4969-C454-432E7ED0D187}.Debug|Any CPU.Build.0 = Debug|Any CPU
		{7D6C2CB4-513D-4969-C454-432E7ED0D187}.Release|Any CPU.ActiveCfg = Release|Any CPU
		{7D6C2CB4-513D-4969-C454-432E7ED0D187}.Release|Any CPU.Build.0 = Release|Any CPU
		{A38979A4-F885-52C3-D6CF-D4DF06351282}.Debug|Any CPU.ActiveCfg = Debug|Any CPU
		{A38979A4-F885-52C3-D6CF-D4DF06351282}.Debug|Any CPU.Build.0 = Debug|Any CPU
		{A38979A4-F885-52C3-D6CF-D4DF06351282}.Release|Any CPU.ActiveCfg = Release|Any CPU
		{A38979A4-F885-52C3-D6CF-D4DF06351282}.Release|Any CPU.Build.0 = Release|Any CPU
		{029A871A-BAE5-86E0-A334-79FE01F1BDA4}.Debug|Any CPU.ActiveCfg = Debug|Any CPU
		{029A871A-BAE5-86E0-A334-79FE01F1BDA4}.Debug|Any CPU.Build.0 = Debug|Any CPU
		{029A871A-BAE5-86E0-A334-79FE01F1BDA4}.Release|Any CPU.ActiveCfg = Release|Any CPU
		{029A871A-BAE5-86E0-A334-79FE01F1BDA4}.Release|Any CPU.Build.0 = Release|Any CPU
		{C3B21A69-8F59-2980-919D-AEB727AF9DD3}.Debug|Any CPU.ActiveCfg = Debug|Any CPU
		{C3B21A69-8F59-2980-919D-AEB727AF9DD3}.Debug|Any CPU.Build.0 = Debug|Any CPU
		{C3B21A69-8F59-2980-919D-AEB727AF9DD3}.Release|Any CPU.ActiveCfg = Release|Any CPU
		{C3B21A69-8F59-2980-919D-AEB727AF9DD3}.Release|Any CPU.Build.0 = Release|Any CPU
		{FDE3427E-AA3C-C031-829B-91F7581CAA9F}.Debug|Any CPU.ActiveCfg = Debug|Any CPU
		{FDE3427E-AA3C-C031-829B-91F7581CAA9F}.Debug|Any CPU.Build.0 = Debug|Any CPU
		{FDE3427E-AA3C-C031-829B-91F7581CAA9F}.Release|Any CPU.ActiveCfg = Release|Any CPU
		{FDE3427E-AA3C-C031-829B-91F7581CAA9F}.Release|Any CPU.Build.0 = Release|Any CPU
		{A963211B-7F44-AB6D-347B-5A83868DFF07}.Debug|Any CPU.ActiveCfg = Debug|Any CPU
		{A963211B-7F44-AB6D-347B-5A83868DFF07}.Debug|Any CPU.Build.0 = Debug|Any CPU
		{A963211B-7F44-AB6D-347B-5A83868DFF07}.Release|Any CPU.ActiveCfg = Release|Any CPU
		{A963211B-7F44-AB6D-347B-5A83868DFF07}.Release|Any CPU.Build.0 = Release|Any CPU
		{AD8980C9-97E3-6FE9-DE92-601D1873A4BF}.Debug|Any CPU.ActiveCfg = Debug|Any CPU
		{AD8980C9-97E3-6FE9-DE92-601D1873A4BF}.Debug|Any CPU.Build.0 = Debug|Any CPU
		{AD8980C9-97E3-6FE9-DE92-601D1873A4BF}.Release|Any CPU.ActiveCfg = Release|Any CPU
		{AD8980C9-97E3-6FE9-DE92-601D1873A4BF}.Release|Any CPU.Build.0 = Release|Any CPU
		{8C014232-1C7F-5B1B-3DDD-386AA98C86F6}.Debug|Any CPU.ActiveCfg = Debug|Any CPU
		{8C014232-1C7F-5B1B-3DDD-386AA98C86F6}.Debug|Any CPU.Build.0 = Debug|Any CPU
		{8C014232-1C7F-5B1B-3DDD-386AA98C86F6}.Release|Any CPU.ActiveCfg = Release|Any CPU
		{8C014232-1C7F-5B1B-3DDD-386AA98C86F6}.Release|Any CPU.Build.0 = Release|Any CPU
		{5F744C12-AD2F-D0BB-E5C6-DB32A589F9FC}.Debug|Any CPU.ActiveCfg = Debug|Any CPU
		{5F744C12-AD2F-D0BB-E5C6-DB32A589F9FC}.Debug|Any CPU.Build.0 = Debug|Any CPU
		{5F744C12-AD2F-D0BB-E5C6-DB32A589F9FC}.Release|Any CPU.ActiveCfg = Release|Any CPU
		{5F744C12-AD2F-D0BB-E5C6-DB32A589F9FC}.Release|Any CPU.Build.0 = Release|Any CPU
		{327FAA3C-0F03-3355-99F9-5DCEE4A248BF}.Debug|Any CPU.ActiveCfg = Debug|Any CPU
		{327FAA3C-0F03-3355-99F9-5DCEE4A248BF}.Debug|Any CPU.Build.0 = Debug|Any CPU
		{327FAA3C-0F03-3355-99F9-5DCEE4A248BF}.Release|Any CPU.ActiveCfg = Release|Any CPU
		{327FAA3C-0F03-3355-99F9-5DCEE4A248BF}.Release|Any CPU.Build.0 = Release|Any CPU
		{D7D9BE40-FC58-A7B7-578C-0F4B040028F3}.Debug|Any CPU.ActiveCfg = Debug|Any CPU
		{D7D9BE40-FC58-A7B7-578C-0F4B040028F3}.Debug|Any CPU.Build.0 = Debug|Any CPU
		{D7D9BE40-FC58-A7B7-578C-0F4B040028F3}.Release|Any CPU.ActiveCfg = Release|Any CPU
		{D7D9BE40-FC58-A7B7-578C-0F4B040028F3}.Release|Any CPU.Build.0 = Release|Any CPU
		{778C3C77-C69E-1650-4410-EE5BD0B3D233}.Debug|Any CPU.ActiveCfg = Debug|Any CPU
		{778C3C77-C69E-1650-4410-EE5BD0B3D233}.Debug|Any CPU.Build.0 = Debug|Any CPU
		{778C3C77-C69E-1650-4410-EE5BD0B3D233}.Release|Any CPU.ActiveCfg = Release|Any CPU
		{778C3C77-C69E-1650-4410-EE5BD0B3D233}.Release|Any CPU.Build.0 = Release|Any CPU
		{853467AA-8B16-A905-7A4F-3E1014DAD097}.Debug|Any CPU.ActiveCfg = Debug|Any CPU
		{853467AA-8B16-A905-7A4F-3E1014DAD097}.Debug|Any CPU.Build.0 = Debug|Any CPU
		{853467AA-8B16-A905-7A4F-3E1014DAD097}.Release|Any CPU.ActiveCfg = Release|Any CPU
		{853467AA-8B16-A905-7A4F-3E1014DAD097}.Release|Any CPU.Build.0 = Release|Any CPU
		{84093AB6-1509-41D8-D7F8-D0A8BFDFA11B}.Debug|Any CPU.ActiveCfg = Debug|Any CPU
		{84093AB6-1509-41D8-D7F8-D0A8BFDFA11B}.Debug|Any CPU.Build.0 = Debug|Any CPU
		{84093AB6-1509-41D8-D7F8-D0A8BFDFA11B}.Release|Any CPU.ActiveCfg = Release|Any CPU
		{84093AB6-1509-41D8-D7F8-D0A8BFDFA11B}.Release|Any CPU.Build.0 = Release|Any CPU
		{7B48AAE3-D8EC-502F-D640-7CC1A1078203}.Debug|Any CPU.ActiveCfg = Debug|Any CPU
		{7B48AAE3-D8EC-502F-D640-7CC1A1078203}.Debug|Any CPU.Build.0 = Debug|Any CPU
		{7B48AAE3-D8EC-502F-D640-7CC1A1078203}.Release|Any CPU.ActiveCfg = Release|Any CPU
		{7B48AAE3-D8EC-502F-D640-7CC1A1078203}.Release|Any CPU.Build.0 = Release|Any CPU
		{85CE5341-4E79-049E-79E3-E4902F620DC5}.Debug|Any CPU.ActiveCfg = Debug|Any CPU
		{85CE5341-4E79-049E-79E3-E4902F620DC5}.Debug|Any CPU.Build.0 = Debug|Any CPU
		{85CE5341-4E79-049E-79E3-E4902F620DC5}.Release|Any CPU.ActiveCfg = Release|Any CPU
		{85CE5341-4E79-049E-79E3-E4902F620DC5}.Release|Any CPU.Build.0 = Release|Any CPU
		{F57FECC2-A260-F1C0-37DF-3C592B42A2C8}.Debug|Any CPU.ActiveCfg = Debug|Any CPU
		{F57FECC2-A260-F1C0-37DF-3C592B42A2C8}.Debug|Any CPU.Build.0 = Debug|Any CPU
		{F57FECC2-A260-F1C0-37DF-3C592B42A2C8}.Release|Any CPU.ActiveCfg = Release|Any CPU
		{F57FECC2-A260-F1C0-37DF-3C592B42A2C8}.Release|Any CPU.Build.0 = Release|Any CPU
		{31C34622-AA4C-99B7-950C-26CEC5B32292}.Debug|Any CPU.ActiveCfg = Debug|Any CPU
		{31C34622-AA4C-99B7-950C-26CEC5B32292}.Debug|Any CPU.Build.0 = Debug|Any CPU
		{31C34622-AA4C-99B7-950C-26CEC5B32292}.Release|Any CPU.ActiveCfg = Release|Any CPU
		{31C34622-AA4C-99B7-950C-26CEC5B32292}.Release|Any CPU.Build.0 = Release|Any CPU
		{C3FE19FD-132F-D033-0B7A-B6DD03FF8A2F}.Debug|Any CPU.ActiveCfg = Debug|Any CPU
		{C3FE19FD-132F-D033-0B7A-B6DD03FF8A2F}.Debug|Any CPU.Build.0 = Debug|Any CPU
		{C3FE19FD-132F-D033-0B7A-B6DD03FF8A2F}.Release|Any CPU.ActiveCfg = Release|Any CPU
		{C3FE19FD-132F-D033-0B7A-B6DD03FF8A2F}.Release|Any CPU.Build.0 = Release|Any CPU
		{0B799260-B6B9-1BB6-EC78-379EA904BB26}.Debug|Any CPU.ActiveCfg = Debug|Any CPU
		{0B799260-B6B9-1BB6-EC78-379EA904BB26}.Debug|Any CPU.Build.0 = Debug|Any CPU
		{0B799260-B6B9-1BB6-EC78-379EA904BB26}.Release|Any CPU.ActiveCfg = Release|Any CPU
		{0B799260-B6B9-1BB6-EC78-379EA904BB26}.Release|Any CPU.Build.0 = Release|Any CPU
		{DC0DB7B5-3FA1-5473-5429-2AAE0A1726D6}.Debug|Any CPU.ActiveCfg = Debug|Any CPU
		{DC0DB7B5-3FA1-5473-5429-2AAE0A1726D6}.Debug|Any CPU.Build.0 = Debug|Any CPU
		{DC0DB7B5-3FA1-5473-5429-2AAE0A1726D6}.Release|Any CPU.ActiveCfg = Release|Any CPU
		{DC0DB7B5-3FA1-5473-5429-2AAE0A1726D6}.Release|Any CPU.Build.0 = Release|Any CPU
		{EF8277FF-F67E-8502-5E36-4D6668654913}.Debug|Any CPU.ActiveCfg = Debug|Any CPU
		{EF8277FF-F67E-8502-5E36-4D6668654913}.Debug|Any CPU.Build.0 = Debug|Any CPU
		{EF8277FF-F67E-8502-5E36-4D6668654913}.Release|Any CPU.ActiveCfg = Release|Any CPU
		{EF8277FF-F67E-8502-5E36-4D6668654913}.Release|Any CPU.Build.0 = Release|Any CPU
		{1C88BEF3-EBC1-666A-6DDF-6D0D06A281E0}.Debug|Any CPU.ActiveCfg = Debug|Any CPU
		{1C88BEF3-EBC1-666A-6DDF-6D0D06A281E0}.Debug|Any CPU.Build.0 = Debug|Any CPU
		{1C88BEF3-EBC1-666A-6DDF-6D0D06A281E0}.Release|Any CPU.ActiveCfg = Release|Any CPU
		{1C88BEF3-EBC1-666A-6DDF-6D0D06A281E0}.Release|Any CPU.Build.0 = Release|Any CPU
		{54C8D5DA-D6FB-A367-18BA-52701D9922F7}.Debug|Any CPU.ActiveCfg = Debug|Any CPU
		{54C8D5DA-D6FB-A367-18BA-52701D9922F7}.Debug|Any CPU.Build.0 = Debug|Any CPU
		{54C8D5DA-D6FB-A367-18BA-52701D9922F7}.Release|Any CPU.ActiveCfg = Release|Any CPU
		{54C8D5DA-D6FB-A367-18BA-52701D9922F7}.Release|Any CPU.Build.0 = Release|Any CPU
		{BFAC0856-475A-4A2D-EDC8-49AA7542C1E4}.Debug|Any CPU.ActiveCfg = Debug|Any CPU
		{BFAC0856-475A-4A2D-EDC8-49AA7542C1E4}.Debug|Any CPU.Build.0 = Debug|Any CPU
		{BFAC0856-475A-4A2D-EDC8-49AA7542C1E4}.Release|Any CPU.ActiveCfg = Release|Any CPU
		{BFAC0856-475A-4A2D-EDC8-49AA7542C1E4}.Release|Any CPU.Build.0 = Release|Any CPU
		{B98956ED-A656-2D13-5A31-296C23FC8926}.Debug|Any CPU.ActiveCfg = Debug|Any CPU
		{B98956ED-A656-2D13-5A31-296C23FC8926}.Debug|Any CPU.Build.0 = Debug|Any CPU
		{B98956ED-A656-2D13-5A31-296C23FC8926}.Release|Any CPU.ActiveCfg = Release|Any CPU
		{B98956ED-A656-2D13-5A31-296C23FC8926}.Release|Any CPU.Build.0 = Release|Any CPU
		{2D6160A3-8464-A469-1CEB-E7973D4559BD}.Debug|Any CPU.ActiveCfg = Debug|Any CPU
		{2D6160A3-8464-A469-1CEB-E7973D4559BD}.Debug|Any CPU.Build.0 = Debug|Any CPU
		{2D6160A3-8464-A469-1CEB-E7973D4559BD}.Release|Any CPU.ActiveCfg = Release|Any CPU
		{2D6160A3-8464-A469-1CEB-E7973D4559BD}.Release|Any CPU.Build.0 = Release|Any CPU
		{14E4554E-4EA0-C21E-96A2-F568E59ABA8B}.Debug|Any CPU.ActiveCfg = Debug|Any CPU
		{14E4554E-4EA0-C21E-96A2-F568E59ABA8B}.Debug|Any CPU.Build.0 = Debug|Any CPU
		{14E4554E-4EA0-C21E-96A2-F568E59ABA8B}.Release|Any CPU.ActiveCfg = Release|Any CPU
		{14E4554E-4EA0-C21E-96A2-F568E59ABA8B}.Release|Any CPU.Build.0 = Release|Any CPU
		{04838059-A753-0B36-751B-ECC79969F124}.Debug|Any CPU.ActiveCfg = Debug|Any CPU
		{04838059-A753-0B36-751B-ECC79969F124}.Debug|Any CPU.Build.0 = Debug|Any CPU
		{04838059-A753-0B36-751B-ECC79969F124}.Release|Any CPU.ActiveCfg = Release|Any CPU
		{04838059-A753-0B36-751B-ECC79969F124}.Release|Any CPU.Build.0 = Release|Any CPU
		{A0D146DA-BE06-5627-7E55-71C2E404878D}.Debug|Any CPU.ActiveCfg = Debug|Any CPU
		{A0D146DA-BE06-5627-7E55-71C2E404878D}.Debug|Any CPU.Build.0 = Debug|Any CPU
		{A0D146DA-BE06-5627-7E55-71C2E404878D}.Release|Any CPU.ActiveCfg = Release|Any CPU
		{A0D146DA-BE06-5627-7E55-71C2E404878D}.Release|Any CPU.Build.0 = Release|Any CPU
		{2889F2F5-1882-B9A9-DB4B-E4ADA59067E4}.Debug|Any CPU.ActiveCfg = Debug|Any CPU
		{2889F2F5-1882-B9A9-DB4B-E4ADA59067E4}.Debug|Any CPU.Build.0 = Debug|Any CPU
		{2889F2F5-1882-B9A9-DB4B-E4ADA59067E4}.Release|Any CPU.ActiveCfg = Release|Any CPU
		{2889F2F5-1882-B9A9-DB4B-E4ADA59067E4}.Release|Any CPU.Build.0 = Release|Any CPU
		{2E8A94DC-42CC-89C8-AD9B-1C36E7496995}.Debug|Any CPU.ActiveCfg = Debug|Any CPU
		{2E8A94DC-42CC-89C8-AD9B-1C36E7496995}.Debug|Any CPU.Build.0 = Debug|Any CPU
		{2E8A94DC-42CC-89C8-AD9B-1C36E7496995}.Release|Any CPU.ActiveCfg = Release|Any CPU
		{2E8A94DC-42CC-89C8-AD9B-1C36E7496995}.Release|Any CPU.Build.0 = Release|Any CPU
		{B58A9776-F4C6-02C6-36F2-23439D83E9EA}.Debug|Any CPU.ActiveCfg = Debug|Any CPU
		{B58A9776-F4C6-02C6-36F2-23439D83E9EA}.Debug|Any CPU.Build.0 = Debug|Any CPU
		{B58A9776-F4C6-02C6-36F2-23439D83E9EA}.Release|Any CPU.ActiveCfg = Release|Any CPU
		{B58A9776-F4C6-02C6-36F2-23439D83E9EA}.Release|Any CPU.Build.0 = Release|Any CPU
		{22CE4FA9-5997-888A-068A-CDE5D50EA344}.Debug|Any CPU.ActiveCfg = Debug|Any CPU
		{22CE4FA9-5997-888A-068A-CDE5D50EA344}.Debug|Any CPU.Build.0 = Debug|Any CPU
		{22CE4FA9-5997-888A-068A-CDE5D50EA344}.Release|Any CPU.ActiveCfg = Release|Any CPU
		{22CE4FA9-5997-888A-068A-CDE5D50EA344}.Release|Any CPU.Build.0 = Release|Any CPU
		{91B1D5B5-19EB-B145-9861-0C964960FB1F}.Debug|Any CPU.ActiveCfg = Debug|Any CPU
		{91B1D5B5-19EB-B145-9861-0C964960FB1F}.Debug|Any CPU.Build.0 = Debug|Any CPU
		{91B1D5B5-19EB-B145-9861-0C964960FB1F}.Release|Any CPU.ActiveCfg = Release|Any CPU
		{91B1D5B5-19EB-B145-9861-0C964960FB1F}.Release|Any CPU.Build.0 = Release|Any CPU
		{C92144FB-37B2-8D56-0F89-F26D928A8E76}.Debug|Any CPU.ActiveCfg = Debug|Any CPU
		{C92144FB-37B2-8D56-0F89-F26D928A8E76}.Debug|Any CPU.Build.0 = Debug|Any CPU
		{C92144FB-37B2-8D56-0F89-F26D928A8E76}.Release|Any CPU.ActiveCfg = Release|Any CPU
		{C92144FB-37B2-8D56-0F89-F26D928A8E76}.Release|Any CPU.Build.0 = Release|Any CPU
		{A267096C-01F8-5BF2-FF63-7946D7EB02DD}.Debug|Any CPU.ActiveCfg = Debug|Any CPU
		{A267096C-01F8-5BF2-FF63-7946D7EB02DD}.Debug|Any CPU.Build.0 = Debug|Any CPU
		{A267096C-01F8-5BF2-FF63-7946D7EB02DD}.Release|Any CPU.ActiveCfg = Release|Any CPU
		{A267096C-01F8-5BF2-FF63-7946D7EB02DD}.Release|Any CPU.Build.0 = Release|Any CPU
		{3EEFE4E1-7C04-56D3-320C-5B27B43D889C}.Debug|Any CPU.ActiveCfg = Debug|Any CPU
		{3EEFE4E1-7C04-56D3-320C-5B27B43D889C}.Debug|Any CPU.Build.0 = Debug|Any CPU
		{3EEFE4E1-7C04-56D3-320C-5B27B43D889C}.Release|Any CPU.ActiveCfg = Release|Any CPU
		{3EEFE4E1-7C04-56D3-320C-5B27B43D889C}.Release|Any CPU.Build.0 = Release|Any CPU
		{20E9AD82-4ADB-C136-4416-1909D002F3CD}.Debug|Any CPU.ActiveCfg = Debug|Any CPU
		{20E9AD82-4ADB-C136-4416-1909D002F3CD}.Debug|Any CPU.Build.0 = Debug|Any CPU
		{20E9AD82-4ADB-C136-4416-1909D002F3CD}.Release|Any CPU.ActiveCfg = Release|Any CPU
		{20E9AD82-4ADB-C136-4416-1909D002F3CD}.Release|Any CPU.Build.0 = Release|Any CPU
		{A8584C21-C236-0DE8-0379-937CF916C8A6}.Debug|Any CPU.ActiveCfg = Debug|Any CPU
		{A8584C21-C236-0DE8-0379-937CF916C8A6}.Debug|Any CPU.Build.0 = Debug|Any CPU
		{A8584C21-C236-0DE8-0379-937CF916C8A6}.Release|Any CPU.ActiveCfg = Release|Any CPU
		{A8584C21-C236-0DE8-0379-937CF916C8A6}.Release|Any CPU.Build.0 = Release|Any CPU
		{6D111AFC-93BC-90C6-C7FB-8FFFF8B6CD2E}.Debug|Any CPU.ActiveCfg = Debug|Any CPU
		{6D111AFC-93BC-90C6-C7FB-8FFFF8B6CD2E}.Debug|Any CPU.Build.0 = Debug|Any CPU
		{6D111AFC-93BC-90C6-C7FB-8FFFF8B6CD2E}.Release|Any CPU.ActiveCfg = Release|Any CPU
		{6D111AFC-93BC-90C6-C7FB-8FFFF8B6CD2E}.Release|Any CPU.Build.0 = Release|Any CPU
		{F6D793C9-23D7-24A9-6100-306995A09B15}.Debug|Any CPU.ActiveCfg = Debug|Any CPU
		{F6D793C9-23D7-24A9-6100-306995A09B15}.Debug|Any CPU.Build.0 = Debug|Any CPU
		{F6D793C9-23D7-24A9-6100-306995A09B15}.Release|Any CPU.ActiveCfg = Release|Any CPU
		{F6D793C9-23D7-24A9-6100-306995A09B15}.Release|Any CPU.Build.0 = Release|Any CPU
		{BCBC2E60-5690-1E2B-27AC-263183BBFDE1}.Debug|Any CPU.ActiveCfg = Debug|Any CPU
		{BCBC2E60-5690-1E2B-27AC-263183BBFDE1}.Debug|Any CPU.Build.0 = Debug|Any CPU
		{BCBC2E60-5690-1E2B-27AC-263183BBFDE1}.Release|Any CPU.ActiveCfg = Release|Any CPU
		{BCBC2E60-5690-1E2B-27AC-263183BBFDE1}.Release|Any CPU.Build.0 = Release|Any CPU
		{750090AA-8A02-C15E-E724-C6ADD1989269}.Debug|Any CPU.ActiveCfg = Debug|Any CPU
		{750090AA-8A02-C15E-E724-C6ADD1989269}.Debug|Any CPU.Build.0 = Debug|Any CPU
		{750090AA-8A02-C15E-E724-C6ADD1989269}.Release|Any CPU.ActiveCfg = Release|Any CPU
		{750090AA-8A02-C15E-E724-C6ADD1989269}.Release|Any CPU.Build.0 = Release|Any CPU
		{AB5DA85C-0085-1FF3-D480-13CB63A322F1}.Debug|Any CPU.ActiveCfg = Debug|Any CPU
		{AB5DA85C-0085-1FF3-D480-13CB63A322F1}.Debug|Any CPU.Build.0 = Debug|Any CPU
		{AB5DA85C-0085-1FF3-D480-13CB63A322F1}.Release|Any CPU.ActiveCfg = Release|Any CPU
		{AB5DA85C-0085-1FF3-D480-13CB63A322F1}.Release|Any CPU.Build.0 = Release|Any CPU
		{97161EFF-E7D8-EA1E-BA30-24C6C623307F}.Debug|Any CPU.ActiveCfg = Debug|Any CPU
		{97161EFF-E7D8-EA1E-BA30-24C6C623307F}.Debug|Any CPU.Build.0 = Debug|Any CPU
		{97161EFF-E7D8-EA1E-BA30-24C6C623307F}.Release|Any CPU.ActiveCfg = Release|Any CPU
		{97161EFF-E7D8-EA1E-BA30-24C6C623307F}.Release|Any CPU.Build.0 = Release|Any CPU
		{6F66D23C-55AB-0EAC-03C5-724803746767}.Debug|Any CPU.ActiveCfg = Debug|Any CPU
		{6F66D23C-55AB-0EAC-03C5-724803746767}.Debug|Any CPU.Build.0 = Debug|Any CPU
		{6F66D23C-55AB-0EAC-03C5-724803746767}.Release|Any CPU.ActiveCfg = Release|Any CPU
		{6F66D23C-55AB-0EAC-03C5-724803746767}.Release|Any CPU.Build.0 = Release|Any CPU
	EndGlobalSection
	GlobalSection(SolutionProperties) = preSolution
		HideSolutionNode = FALSE
	EndGlobalSection
EndGlobal
